
Microsoft Visual Studio Solution File, Format Version 12.00
Project("{FAE04EC0-301F-11D3-BF4B-00C04F79EFBC}") = "RestServer", "RestServer\RestServer.csproj", "{F7DB1E86-C1CD-46C3-AF13-2E4F37447E30}"
EndProject
Project("{FAE04EC0-301F-11D3-BF4B-00C04F79EFBC}") = "Database", "Database\Database.csproj", "{D3B2515D-FFDD-44C2-863B-AE20464F8B96}"
EndProject
Project("{FAE04EC0-301F-11D3-BF4B-00C04F79EFBC}") = "DummyApi", "DummyApi\DummyApi.csproj", "{A820F691-8E3E-47B8-8D92-957F45FC1914}"
EndProject
Global
	GlobalSection(SolutionConfigurationPlatforms) = preSolution
		Debug|Any CPU = Debug|Any CPU
		Release|Any CPU = Release|Any CPU
	EndGlobalSection
	GlobalSection(ProjectConfigurationPlatforms) = postSolution
		{F7DB1E86-C1CD-46C3-AF13-2E4F37447E30}.Debug|Any CPU.ActiveCfg = Debug|Any CPU
		{F7DB1E86-C1CD-46C3-AF13-2E4F37447E30}.Debug|Any CPU.Build.0 = Debug|Any CPU
		{F7DB1E86-C1CD-46C3-AF13-2E4F37447E30}.Release|Any CPU.ActiveCfg = Release|Any CPU
		{F7DB1E86-C1CD-46C3-AF13-2E4F37447E30}.Release|Any CPU.Build.0 = Release|Any CPU
		{D3B2515D-FFDD-44C2-863B-AE20464F8B96}.Debug|Any CPU.ActiveCfg = Debug|Any CPU
		{D3B2515D-FFDD-44C2-863B-AE20464F8B96}.Debug|Any CPU.Build.0 = Debug|Any CPU
		{D3B2515D-FFDD-44C2-863B-AE20464F8B96}.Release|Any CPU.ActiveCfg = Release|Any CPU
		{D3B2515D-FFDD-44C2-863B-AE20464F8B96}.Release|Any CPU.Build.0 = Release|Any CPU
		{A820F691-8E3E-47B8-8D92-957F45FC1914}.Debug|Any CPU.ActiveCfg = Debug|Any CPU
		{A820F691-8E3E-47B8-8D92-957F45FC1914}.Debug|Any CPU.Build.0 = Debug|Any CPU
		{A820F691-8E3E-47B8-8D92-957F45FC1914}.Release|Any CPU.ActiveCfg = Release|Any CPU
		{A820F691-8E3E-47B8-8D92-957F45FC1914}.Release|Any CPU.Build.0 = Release|Any CPU
	EndGlobalSection
EndGlobal
